
Microsoft Visual Studio Solution File, Format Version 12.00
# Visual Studio Version 16
VisualStudioVersion = 16.0.31613.86
MinimumVisualStudioVersion = 10.0.40219.1
Project("{FAE04EC0-301F-11D3-BF4B-00C04F79EFBC}") = "SimpleRecipeApp", "SimpleRecipeApp.csproj", "{01422EC5-93BF-41DF-8F90-1BD8CA02720F}"
EndProject
Global
	GlobalSection(SolutionConfigurationPlatforms) = preSolution
		Debug|Any CPU = Debug|Any CPU
		Release|Any CPU = Release|Any CPU
	EndGlobalSection
	GlobalSection(ProjectConfigurationPlatforms) = postSolution
		{01422EC5-93BF-41DF-8F90-1BD8CA02720F}.Debug|Any CPU.ActiveCfg = Debug|Any CPU
		{01422EC5-93BF-41DF-8F90-1BD8CA02720F}.Debug|Any CPU.Build.0 = Debug|Any CPU
		{01422EC5-93BF-41DF-8F90-1BD8CA02720F}.Release|Any CPU.ActiveCfg = Release|Any CPU
		{01422EC5-93BF-41DF-8F90-1BD8CA02720F}.Release|Any CPU.Build.0 = Release|Any CPU
	EndGlobalSection
	GlobalSection(SolutionProperties) = preSolution
		HideSolutionNode = FALSE
	EndGlobalSection
	GlobalSection(ExtensibilityGlobals) = postSolution
		SolutionGuid = {936698D9-D2A5-48FD-8B6F-2E80D15692DC}
	EndGlobalSection
EndGlobal
